// !$*UTF8*$!
{
	archiveVersion = 1;
	classes = {
	};
	objectVersion = 50;
	objects = {

/* Begin PBXBuildFile section */
		11B627DD0FB6B3A35B7206E0 /* Pods_Dice.framework in Frameworks */ = {isa = PBXBuildFile; fileRef = B0E9C49F129ABCF422DE6C24 /* Pods_Dice.framework */; };
		270F156220C855AE00B1F231 /* AppDelegate.swift in Sources */ = {isa = PBXBuildFile; fileRef = 270F156120C855AE00B1F231 /* AppDelegate.swift */; };
		270F156420C855AE00B1F231 /* ContainerViewController.swift in Sources */ = {isa = PBXBuildFile; fileRef = 270F156320C855AE00B1F231 /* ContainerViewController.swift */; };
		270F156720C855AE00B1F231 /* Main.storyboard in Resources */ = {isa = PBXBuildFile; fileRef = 270F156520C855AE00B1F231 /* Main.storyboard */; };
		270F156920C855B000B1F231 /* Assets.xcassets in Resources */ = {isa = PBXBuildFile; fileRef = 270F156820C855B000B1F231 /* Assets.xcassets */; };
		270F156C20C855B000B1F231 /* LaunchScreen.storyboard in Resources */ = {isa = PBXBuildFile; fileRef = 270F156A20C855B000B1F231 /* LaunchScreen.storyboard */; };
		270F157720C855B000B1F231 /* DiceTests.swift in Sources */ = {isa = PBXBuildFile; fileRef = 270F157620C855B000B1F231 /* DiceTests.swift */; };
		270F158620C8579400B1F231 /* DiceResult.swift in Sources */ = {isa = PBXBuildFile; fileRef = 270F158520C8579400B1F231 /* DiceResult.swift */; };
		270F158820C857DB00B1F231 /* DiceHistoryRepository.swift in Sources */ = {isa = PBXBuildFile; fileRef = 270F158720C857DB00B1F231 /* DiceHistoryRepository.swift */; };
		270F158C20C8596A00B1F231 /* DiceOption.swift in Sources */ = {isa = PBXBuildFile; fileRef = 270F158B20C8596A00B1F231 /* DiceOption.swift */; };
		270F158E20C85B4300B1F231 /* Dice.swift in Sources */ = {isa = PBXBuildFile; fileRef = 270F158D20C85B4300B1F231 /* Dice.swift */; };
		270F159020C85D6B00B1F231 /* DiceViewController.swift in Sources */ = {isa = PBXBuildFile; fileRef = 270F158F20C85D6B00B1F231 /* DiceViewController.swift */; };
		270F159220C85E5200B1F231 /* HistoryViewController.swift in Sources */ = {isa = PBXBuildFile; fileRef = 270F159120C85E5200B1F231 /* HistoryViewController.swift */; };
		270F159420C8615300B1F231 /* SettingViewController.swift in Sources */ = {isa = PBXBuildFile; fileRef = 270F159320C8615300B1F231 /* SettingViewController.swift */; };
		2712614B20C900EE005FEEA9 /* LaunchScreenViewController.swift in Sources */ = {isa = PBXBuildFile; fileRef = 2712614A20C900EE005FEEA9 /* LaunchScreenViewController.swift */; };
		272E3A0920C8E4350035BD8B /* InstantPanGestureRecognizer.swift in Sources */ = {isa = PBXBuildFile; fileRef = 272E3A0820C8E4340035BD8B /* InstantPanGestureRecognizer.swift */; };
		273BA31220C8876000D3C955 /* Injection.swift in Sources */ = {isa = PBXBuildFile; fileRef = 273BA31120C8876000D3C955 /* Injection.swift */; };
		2744E23B20C8AEBB0054208C /* DiceHistoryObserver.swift in Sources */ = {isa = PBXBuildFile; fileRef = 2744E23A20C8AEBB0054208C /* DiceHistoryObserver.swift */; };
		2744E23D20C8B7FB0054208C /* ShakeDelegate.swift in Sources */ = {isa = PBXBuildFile; fileRef = 2744E23C20C8B7FB0054208C /* ShakeDelegate.swift */; };
		27D3466D20C88B42006424BD /* DiceHistoryUserDefaultsRepository.swift in Sources */ = {isa = PBXBuildFile; fileRef = 27D3466C20C88B42006424BD /* DiceHistoryUserDefaultsRepository.swift */; };
		27D3467020C898AB006424BD /* DiceHistoryTableViewCell.swift in Sources */ = {isa = PBXBuildFile; fileRef = 27D3466F20C898AB006424BD /* DiceHistoryTableViewCell.swift */; };
		B336ED6DF8FA626819D9214B /* Pods_DiceTests.framework in Frameworks */ = {isa = PBXBuildFile; fileRef = 18D01591377139A0BB72D2EC /* Pods_DiceTests.framework */; };
/* End PBXBuildFile section */

/* Begin PBXContainerItemProxy section */
		270F157320C855B000B1F231 /* PBXContainerItemProxy */ = {
			isa = PBXContainerItemProxy;
			containerPortal = 270F155620C855AE00B1F231 /* Project object */;
			proxyType = 1;
			remoteGlobalIDString = 270F155D20C855AE00B1F231;
			remoteInfo = Dice;
		};
/* End PBXContainerItemProxy section */

/* Begin PBXFileReference section */
		0832F2243093726B2B9B37F0 /* Pods-Dice.release.xcconfig */ = {isa = PBXFileReference; includeInIndex = 1; lastKnownFileType = text.xcconfig; name = "Pods-Dice.release.xcconfig"; path = "Pods/Target Support Files/Pods-Dice/Pods-Dice.release.xcconfig"; sourceTree = "<group>"; };
		18D01591377139A0BB72D2EC /* Pods_DiceTests.framework */ = {isa = PBXFileReference; explicitFileType = wrapper.framework; includeInIndex = 0; path = Pods_DiceTests.framework; sourceTree = BUILT_PRODUCTS_DIR; };
		270F155E20C855AE00B1F231 /* Dice.app */ = {isa = PBXFileReference; explicitFileType = wrapper.application; includeInIndex = 0; path = Dice.app; sourceTree = BUILT_PRODUCTS_DIR; };
		270F156120C855AE00B1F231 /* AppDelegate.swift */ = {isa = PBXFileReference; lastKnownFileType = sourcecode.swift; path = AppDelegate.swift; sourceTree = "<group>"; };
		270F156320C855AE00B1F231 /* ContainerViewController.swift */ = {isa = PBXFileReference; lastKnownFileType = sourcecode.swift; path = ContainerViewController.swift; sourceTree = "<group>"; };
		270F156620C855AE00B1F231 /* Base */ = {isa = PBXFileReference; lastKnownFileType = file.storyboard; name = Base; path = Base.lproj/Main.storyboard; sourceTree = "<group>"; };
		270F156820C855B000B1F231 /* Assets.xcassets */ = {isa = PBXFileReference; lastKnownFileType = folder.assetcatalog; path = Assets.xcassets; sourceTree = "<group>"; };
		270F156B20C855B000B1F231 /* Base */ = {isa = PBXFileReference; lastKnownFileType = file.storyboard; name = Base; path = Base.lproj/LaunchScreen.storyboard; sourceTree = "<group>"; };
		270F156D20C855B000B1F231 /* Info.plist */ = {isa = PBXFileReference; lastKnownFileType = text.plist.xml; path = Info.plist; sourceTree = "<group>"; };
		270F157220C855B000B1F231 /* DiceTests.xctest */ = {isa = PBXFileReference; explicitFileType = wrapper.cfbundle; includeInIndex = 0; path = DiceTests.xctest; sourceTree = BUILT_PRODUCTS_DIR; };
		270F157620C855B000B1F231 /* DiceTests.swift */ = {isa = PBXFileReference; lastKnownFileType = sourcecode.swift; path = DiceTests.swift; sourceTree = "<group>"; };
		270F157820C855B000B1F231 /* Info.plist */ = {isa = PBXFileReference; lastKnownFileType = text.plist.xml; path = Info.plist; sourceTree = "<group>"; };
		270F158520C8579400B1F231 /* DiceResult.swift */ = {isa = PBXFileReference; lastKnownFileType = sourcecode.swift; path = DiceResult.swift; sourceTree = "<group>"; };
		270F158720C857DB00B1F231 /* DiceHistoryRepository.swift */ = {isa = PBXFileReference; lastKnownFileType = sourcecode.swift; path = DiceHistoryRepository.swift; sourceTree = "<group>"; };
		270F158B20C8596A00B1F231 /* DiceOption.swift */ = {isa = PBXFileReference; lastKnownFileType = sourcecode.swift; path = DiceOption.swift; sourceTree = "<group>"; };
		270F158D20C85B4300B1F231 /* Dice.swift */ = {isa = PBXFileReference; lastKnownFileType = sourcecode.swift; path = Dice.swift; sourceTree = "<group>"; };
		270F158F20C85D6B00B1F231 /* DiceViewController.swift */ = {isa = PBXFileReference; lastKnownFileType = sourcecode.swift; path = DiceViewController.swift; sourceTree = "<group>"; };
		270F159120C85E5200B1F231 /* HistoryViewController.swift */ = {isa = PBXFileReference; lastKnownFileType = sourcecode.swift; path = HistoryViewController.swift; sourceTree = "<group>"; };
		270F159320C8615300B1F231 /* SettingViewController.swift */ = {isa = PBXFileReference; lastKnownFileType = sourcecode.swift; path = SettingViewController.swift; sourceTree = "<group>"; };
		2712614A20C900EE005FEEA9 /* LaunchScreenViewController.swift */ = {isa = PBXFileReference; lastKnownFileType = sourcecode.swift; path = LaunchScreenViewController.swift; sourceTree = "<group>"; };
		272E3A0820C8E4340035BD8B /* InstantPanGestureRecognizer.swift */ = {isa = PBXFileReference; lastKnownFileType = sourcecode.swift; path = InstantPanGestureRecognizer.swift; sourceTree = "<group>"; };
		273BA31120C8876000D3C955 /* Injection.swift */ = {isa = PBXFileReference; lastKnownFileType = sourcecode.swift; path = Injection.swift; sourceTree = "<group>"; };
		2744E23A20C8AEBB0054208C /* DiceHistoryObserver.swift */ = {isa = PBXFileReference; lastKnownFileType = sourcecode.swift; path = DiceHistoryObserver.swift; sourceTree = "<group>"; };
		2744E23C20C8B7FB0054208C /* ShakeDelegate.swift */ = {isa = PBXFileReference; lastKnownFileType = sourcecode.swift; path = ShakeDelegate.swift; sourceTree = "<group>"; };
		27D3466C20C88B42006424BD /* DiceHistoryUserDefaultsRepository.swift */ = {isa = PBXFileReference; lastKnownFileType = sourcecode.swift; path = DiceHistoryUserDefaultsRepository.swift; sourceTree = "<group>"; };
		27D3466F20C898AB006424BD /* DiceHistoryTableViewCell.swift */ = {isa = PBXFileReference; lastKnownFileType = sourcecode.swift; path = DiceHistoryTableViewCell.swift; sourceTree = "<group>"; };
		7290D2C9DF947B67A95F39D7 /* Pods-DiceTests.release.xcconfig */ = {isa = PBXFileReference; includeInIndex = 1; lastKnownFileType = text.xcconfig; name = "Pods-DiceTests.release.xcconfig"; path = "Pods/Target Support Files/Pods-DiceTests/Pods-DiceTests.release.xcconfig"; sourceTree = "<group>"; };
		B0E9C49F129ABCF422DE6C24 /* Pods_Dice.framework */ = {isa = PBXFileReference; explicitFileType = wrapper.framework; includeInIndex = 0; path = Pods_Dice.framework; sourceTree = BUILT_PRODUCTS_DIR; };
		E0D2C52DAC8B84F3F83E7242 /* Pods-Dice.debug.xcconfig */ = {isa = PBXFileReference; includeInIndex = 1; lastKnownFileType = text.xcconfig; name = "Pods-Dice.debug.xcconfig"; path = "Pods/Target Support Files/Pods-Dice/Pods-Dice.debug.xcconfig"; sourceTree = "<group>"; };
		EAC4BDF6DDF88B5690195EBB /* Pods-DiceTests.debug.xcconfig */ = {isa = PBXFileReference; includeInIndex = 1; lastKnownFileType = text.xcconfig; name = "Pods-DiceTests.debug.xcconfig"; path = "Pods/Target Support Files/Pods-DiceTests/Pods-DiceTests.debug.xcconfig"; sourceTree = "<group>"; };
/* End PBXFileReference section */

/* Begin PBXFrameworksBuildPhase section */
		270F155B20C855AE00B1F231 /* Frameworks */ = {
			isa = PBXFrameworksBuildPhase;
			buildActionMask = 2147483647;
			files = (
				11B627DD0FB6B3A35B7206E0 /* Pods_Dice.framework in Frameworks */,
			);
			runOnlyForDeploymentPostprocessing = 0;
		};
		270F156F20C855B000B1F231 /* Frameworks */ = {
			isa = PBXFrameworksBuildPhase;
			buildActionMask = 2147483647;
			files = (
				B336ED6DF8FA626819D9214B /* Pods_DiceTests.framework in Frameworks */,
			);
			runOnlyForDeploymentPostprocessing = 0;
		};
/* End PBXFrameworksBuildPhase section */

/* Begin PBXGroup section */
		270F155520C855AE00B1F231 = {
			isa = PBXGroup;
			children = (
				270F156020C855AE00B1F231 /* Dice */,
				270F157520C855B000B1F231 /* DiceTests */,
				270F155F20C855AE00B1F231 /* Products */,
				2E1663C1047507FD2BBB8FB6 /* Pods */,
				84560F36F998285CA1173941 /* Frameworks */,
			);
			sourceTree = "<group>";
		};
		270F155F20C855AE00B1F231 /* Products */ = {
			isa = PBXGroup;
			children = (
				270F155E20C855AE00B1F231 /* Dice.app */,
				270F157220C855B000B1F231 /* DiceTests.xctest */,
			);
			name = Products;
			sourceTree = "<group>";
		};
		270F156020C855AE00B1F231 /* Dice */ = {
			isa = PBXGroup;
			children = (
				270F156D20C855B000B1F231 /* Info.plist */,
				272E3A0720C8D6E30035BD8B /* Base */,
				270F158220C8567A00B1F231 /* Presentation */,
				270F158320C8568800B1F231 /* Model */,
				270F158420C8576C00B1F231 /* Data */,
			);
			path = Dice;
			sourceTree = "<group>";
		};
		270F157520C855B000B1F231 /* DiceTests */ = {
			isa = PBXGroup;
			children = (
				270F157620C855B000B1F231 /* DiceTests.swift */,
				270F157820C855B000B1F231 /* Info.plist */,
			);
			path = DiceTests;
			sourceTree = "<group>";
		};
		270F158220C8567A00B1F231 /* Presentation */ = {
			isa = PBXGroup;
			children = (
				27D3466E20C89896006424BD /* Views */,
				270F156520C855AE00B1F231 /* Main.storyboard */,
				270F156A20C855B000B1F231 /* LaunchScreen.storyboard */,
				2712614A20C900EE005FEEA9 /* LaunchScreenViewController.swift */,
				270F156320C855AE00B1F231 /* ContainerViewController.swift */,
				270F158F20C85D6B00B1F231 /* DiceViewController.swift */,
				270F159120C85E5200B1F231 /* HistoryViewController.swift */,
				270F159320C8615300B1F231 /* SettingViewController.swift */,
				272E3A0820C8E4340035BD8B /* InstantPanGestureRecognizer.swift */,
			);
			path = Presentation;
			sourceTree = "<group>";
		};
		270F158320C8568800B1F231 /* Model */ = {
			isa = PBXGroup;
			children = (
				2744E23C20C8B7FB0054208C /* ShakeDelegate.swift */,
				2744E23A20C8AEBB0054208C /* DiceHistoryObserver.swift */,
				270F158520C8579400B1F231 /* DiceResult.swift */,
				270F158B20C8596A00B1F231 /* DiceOption.swift */,
				270F158D20C85B4300B1F231 /* Dice.swift */,
			);
			path = Model;
			sourceTree = "<group>";
		};
		270F158420C8576C00B1F231 /* Data */ = {
			isa = PBXGroup;
			children = (
				270F158720C857DB00B1F231 /* DiceHistoryRepository.swift */,
				27D3466C20C88B42006424BD /* DiceHistoryUserDefaultsRepository.swift */,
			);
			path = Data;
			sourceTree = "<group>";
		};
		272E3A0720C8D6E30035BD8B /* Base */ = {
			isa = PBXGroup;
			children = (
				270F156120C855AE00B1F231 /* AppDelegate.swift */,
				273BA31120C8876000D3C955 /* Injection.swift */,
				270F156820C855B000B1F231 /* Assets.xcassets */,
			);
			path = Base;
			sourceTree = "<group>";
		};
		27D3466E20C89896006424BD /* Views */ = {
			isa = PBXGroup;
			children = (
				27D3466F20C898AB006424BD /* DiceHistoryTableViewCell.swift */,
			);
			path = Views;
			sourceTree = "<group>";
		};
		2E1663C1047507FD2BBB8FB6 /* Pods */ = {
			isa = PBXGroup;
			children = (
				E0D2C52DAC8B84F3F83E7242 /* Pods-Dice.debug.xcconfig */,
				0832F2243093726B2B9B37F0 /* Pods-Dice.release.xcconfig */,
				EAC4BDF6DDF88B5690195EBB /* Pods-DiceTests.debug.xcconfig */,
				7290D2C9DF947B67A95F39D7 /* Pods-DiceTests.release.xcconfig */,
			);
			name = Pods;
			sourceTree = "<group>";
		};
		84560F36F998285CA1173941 /* Frameworks */ = {
			isa = PBXGroup;
			children = (
				B0E9C49F129ABCF422DE6C24 /* Pods_Dice.framework */,
				18D01591377139A0BB72D2EC /* Pods_DiceTests.framework */,
			);
			name = Frameworks;
			sourceTree = "<group>";
		};
/* End PBXGroup section */

/* Begin PBXNativeTarget section */
		270F155D20C855AE00B1F231 /* Dice */ = {
			isa = PBXNativeTarget;
			buildConfigurationList = 270F157B20C855B000B1F231 /* Build configuration list for PBXNativeTarget "Dice" */;
			buildPhases = (
				99388A2933B6A35795B4E1A3 /* [CP] Check Pods Manifest.lock */,
				270F155A20C855AE00B1F231 /* Sources */,
				270F155B20C855AE00B1F231 /* Frameworks */,
				270F155C20C855AE00B1F231 /* Resources */,
				C7ACF5A8B1A1C8F2EE8105A6 /* [CP] Embed Pods Frameworks */,
			);
			buildRules = (
			);
			dependencies = (
			);
			name = Dice;
			productName = Dice;
			productReference = 270F155E20C855AE00B1F231 /* Dice.app */;
			productType = "com.apple.product-type.application";
		};
		270F157120C855B000B1F231 /* DiceTests */ = {
			isa = PBXNativeTarget;
			buildConfigurationList = 270F157E20C855B000B1F231 /* Build configuration list for PBXNativeTarget "DiceTests" */;
			buildPhases = (
				48C3D31D3EB214A7459DB83A /* [CP] Check Pods Manifest.lock */,
				270F156E20C855B000B1F231 /* Sources */,
				270F156F20C855B000B1F231 /* Frameworks */,
				270F157020C855B000B1F231 /* Resources */,
			);
			buildRules = (
			);
			dependencies = (
				270F157420C855B000B1F231 /* PBXTargetDependency */,
			);
			name = DiceTests;
			productName = DiceTests;
			productReference = 270F157220C855B000B1F231 /* DiceTests.xctest */;
			productType = "com.apple.product-type.bundle.unit-test";
		};
/* End PBXNativeTarget section */

/* Begin PBXProject section */
		270F155620C855AE00B1F231 /* Project object */ = {
			isa = PBXProject;
			attributes = {
				LastSwiftUpdateCheck = 0940;
				LastUpgradeCheck = 0940;
				ORGANIZATIONNAME = "Michael Fröhlich";
				TargetAttributes = {
					270F155D20C855AE00B1F231 = {
						CreatedOnToolsVersion = 9.4;
					};
					270F157120C855B000B1F231 = {
						CreatedOnToolsVersion = 9.4;
						TestTargetID = 270F155D20C855AE00B1F231;
					};
				};
			};
			buildConfigurationList = 270F155920C855AE00B1F231 /* Build configuration list for PBXProject "Dice" */;
			compatibilityVersion = "Xcode 9.3";
			developmentRegion = en;
			hasScannedForEncodings = 0;
			knownRegions = (
				en,
				Base,
			);
			mainGroup = 270F155520C855AE00B1F231;
			productRefGroup = 270F155F20C855AE00B1F231 /* Products */;
			projectDirPath = "";
			projectRoot = "";
			targets = (
				270F155D20C855AE00B1F231 /* Dice */,
				270F157120C855B000B1F231 /* DiceTests */,
			);
		};
/* End PBXProject section */

/* Begin PBXResourcesBuildPhase section */
		270F155C20C855AE00B1F231 /* Resources */ = {
			isa = PBXResourcesBuildPhase;
			buildActionMask = 2147483647;
			files = (
				270F156C20C855B000B1F231 /* LaunchScreen.storyboard in Resources */,
				270F156920C855B000B1F231 /* Assets.xcassets in Resources */,
				270F156720C855AE00B1F231 /* Main.storyboard in Resources */,
			);
			runOnlyForDeploymentPostprocessing = 0;
		};
		270F157020C855B000B1F231 /* Resources */ = {
			isa = PBXResourcesBuildPhase;
			buildActionMask = 2147483647;
			files = (
			);
			runOnlyForDeploymentPostprocessing = 0;
		};
/* End PBXResourcesBuildPhase section */

/* Begin PBXShellScriptBuildPhase section */
		48C3D31D3EB214A7459DB83A /* [CP] Check Pods Manifest.lock */ = {
			isa = PBXShellScriptBuildPhase;
			buildActionMask = 2147483647;
			files = (
			);
			inputPaths = (
				"${PODS_PODFILE_DIR_PATH}/Podfile.lock",
				"${PODS_ROOT}/Manifest.lock",
			);
			name = "[CP] Check Pods Manifest.lock";
			outputPaths = (
				"$(DERIVED_FILE_DIR)/Pods-DiceTests-checkManifestLockResult.txt",
			);
			runOnlyForDeploymentPostprocessing = 0;
			shellPath = /bin/sh;
			shellScript = "diff \"${PODS_PODFILE_DIR_PATH}/Podfile.lock\" \"${PODS_ROOT}/Manifest.lock\" > /dev/null\nif [ $? != 0 ] ; then\n    # print error to STDERR\n    echo \"error: The sandbox is not in sync with the Podfile.lock. Run 'pod install' or update your CocoaPods installation.\" >&2\n    exit 1\nfi\n# This output is used by Xcode 'outputs' to avoid re-running this script phase.\necho \"SUCCESS\" > \"${SCRIPT_OUTPUT_FILE_0}\"\n";
			showEnvVarsInLog = 0;
		};
		99388A2933B6A35795B4E1A3 /* [CP] Check Pods Manifest.lock */ = {
			isa = PBXShellScriptBuildPhase;
			buildActionMask = 2147483647;
			files = (
			);
			inputPaths = (
				"${PODS_PODFILE_DIR_PATH}/Podfile.lock",
				"${PODS_ROOT}/Manifest.lock",
			);
			name = "[CP] Check Pods Manifest.lock";
			outputPaths = (
				"$(DERIVED_FILE_DIR)/Pods-Dice-checkManifestLockResult.txt",
			);
			runOnlyForDeploymentPostprocessing = 0;
			shellPath = /bin/sh;
			shellScript = "diff \"${PODS_PODFILE_DIR_PATH}/Podfile.lock\" \"${PODS_ROOT}/Manifest.lock\" > /dev/null\nif [ $? != 0 ] ; then\n    # print error to STDERR\n    echo \"error: The sandbox is not in sync with the Podfile.lock. Run 'pod install' or update your CocoaPods installation.\" >&2\n    exit 1\nfi\n# This output is used by Xcode 'outputs' to avoid re-running this script phase.\necho \"SUCCESS\" > \"${SCRIPT_OUTPUT_FILE_0}\"\n";
			showEnvVarsInLog = 0;
		};
		C7ACF5A8B1A1C8F2EE8105A6 /* [CP] Embed Pods Frameworks */ = {
			isa = PBXShellScriptBuildPhase;
			buildActionMask = 2147483647;
			files = (
			);
			inputPaths = (
				"${SRCROOT}/Pods/Target Support Files/Pods-Dice/Pods-Dice-frameworks.sh",
				"${BUILT_PRODUCTS_DIR}/AFDateHelper/AFDateHelper.framework",
				"${BUILT_PRODUCTS_DIR}/Spring/Spring.framework",
			);
			name = "[CP] Embed Pods Frameworks";
			outputPaths = (
				"${TARGET_BUILD_DIR}/${FRAMEWORKS_FOLDER_PATH}/AFDateHelper.framework",
				"${TARGET_BUILD_DIR}/${FRAMEWORKS_FOLDER_PATH}/Spring.framework",
			);
			runOnlyForDeploymentPostprocessing = 0;
			shellPath = /bin/sh;
			shellScript = "\"${SRCROOT}/Pods/Target Support Files/Pods-Dice/Pods-Dice-frameworks.sh\"\n";
			showEnvVarsInLog = 0;
		};
/* End PBXShellScriptBuildPhase section */

/* Begin PBXSourcesBuildPhase section */
		270F155A20C855AE00B1F231 /* Sources */ = {
			isa = PBXSourcesBuildPhase;
			buildActionMask = 2147483647;
			files = (
				270F156420C855AE00B1F231 /* ContainerViewController.swift in Sources */,
				270F158E20C85B4300B1F231 /* Dice.swift in Sources */,
				273BA31220C8876000D3C955 /* Injection.swift in Sources */,
				270F158C20C8596A00B1F231 /* DiceOption.swift in Sources */,
				27D3466D20C88B42006424BD /* DiceHistoryUserDefaultsRepository.swift in Sources */,
				270F158820C857DB00B1F231 /* DiceHistoryRepository.swift in Sources */,
				27D3467020C898AB006424BD /* DiceHistoryTableViewCell.swift in Sources */,
				270F159420C8615300B1F231 /* SettingViewController.swift in Sources */,
				270F159020C85D6B00B1F231 /* DiceViewController.swift in Sources */,
				2744E23D20C8B7FB0054208C /* ShakeDelegate.swift in Sources */,
				2712614B20C900EE005FEEA9 /* LaunchScreenViewController.swift in Sources */,
				270F159220C85E5200B1F231 /* HistoryViewController.swift in Sources */,
				2744E23B20C8AEBB0054208C /* DiceHistoryObserver.swift in Sources */,
				270F158620C8579400B1F231 /* DiceResult.swift in Sources */,
				270F156220C855AE00B1F231 /* AppDelegate.swift in Sources */,
				272E3A0920C8E4350035BD8B /* InstantPanGestureRecognizer.swift in Sources */,
			);
			runOnlyForDeploymentPostprocessing = 0;
		};
		270F156E20C855B000B1F231 /* Sources */ = {
			isa = PBXSourcesBuildPhase;
			buildActionMask = 2147483647;
			files = (
				270F157720C855B000B1F231 /* DiceTests.swift in Sources */,
			);
			runOnlyForDeploymentPostprocessing = 0;
		};
/* End PBXSourcesBuildPhase section */

/* Begin PBXTargetDependency section */
		270F157420C855B000B1F231 /* PBXTargetDependency */ = {
			isa = PBXTargetDependency;
			target = 270F155D20C855AE00B1F231 /* Dice */;
			targetProxy = 270F157320C855B000B1F231 /* PBXContainerItemProxy */;
		};
/* End PBXTargetDependency section */

/* Begin PBXVariantGroup section */
		270F156520C855AE00B1F231 /* Main.storyboard */ = {
			isa = PBXVariantGroup;
			children = (
				270F156620C855AE00B1F231 /* Base */,
			);
			name = Main.storyboard;
			sourceTree = "<group>";
		};
		270F156A20C855B000B1F231 /* LaunchScreen.storyboard */ = {
			isa = PBXVariantGroup;
			children = (
				270F156B20C855B000B1F231 /* Base */,
			);
			name = LaunchScreen.storyboard;
			sourceTree = "<group>";
		};
/* End PBXVariantGroup section */

/* Begin XCBuildConfiguration section */
		270F157920C855B000B1F231 /* Debug */ = {
			isa = XCBuildConfiguration;
			buildSettings = {
				ALWAYS_SEARCH_USER_PATHS = NO;
				CLANG_ANALYZER_NONNULL = YES;
				CLANG_ANALYZER_NUMBER_OBJECT_CONVERSION = YES_AGGRESSIVE;
				CLANG_CXX_LANGUAGE_STANDARD = "gnu++14";
				CLANG_CXX_LIBRARY = "libc++";
				CLANG_ENABLE_MODULES = YES;
				CLANG_ENABLE_OBJC_ARC = YES;
				CLANG_ENABLE_OBJC_WEAK = YES;
				CLANG_WARN_BLOCK_CAPTURE_AUTORELEASING = YES;
				CLANG_WARN_BOOL_CONVERSION = YES;
				CLANG_WARN_COMMA = YES;
				CLANG_WARN_CONSTANT_CONVERSION = YES;
				CLANG_WARN_DEPRECATED_OBJC_IMPLEMENTATIONS = YES;
				CLANG_WARN_DIRECT_OBJC_ISA_USAGE = YES_ERROR;
				CLANG_WARN_DOCUMENTATION_COMMENTS = YES;
				CLANG_WARN_EMPTY_BODY = YES;
				CLANG_WARN_ENUM_CONVERSION = YES;
				CLANG_WARN_INFINITE_RECURSION = YES;
				CLANG_WARN_INT_CONVERSION = YES;
				CLANG_WARN_NON_LITERAL_NULL_CONVERSION = YES;
				CLANG_WARN_OBJC_IMPLICIT_RETAIN_SELF = YES;
				CLANG_WARN_OBJC_LITERAL_CONVERSION = YES;
				CLANG_WARN_OBJC_ROOT_CLASS = YES_ERROR;
				CLANG_WARN_RANGE_LOOP_ANALYSIS = YES;
				CLANG_WARN_STRICT_PROTOTYPES = YES;
				CLANG_WARN_SUSPICIOUS_MOVE = YES;
				CLANG_WARN_UNGUARDED_AVAILABILITY = YES_AGGRESSIVE;
				CLANG_WARN_UNREACHABLE_CODE = YES;
				CLANG_WARN__DUPLICATE_METHOD_MATCH = YES;
				CODE_SIGN_IDENTITY = "iPhone Developer";
				COPY_PHASE_STRIP = NO;
				DEBUG_INFORMATION_FORMAT = dwarf;
				ENABLE_STRICT_OBJC_MSGSEND = YES;
				ENABLE_TESTABILITY = YES;
				GCC_C_LANGUAGE_STANDARD = gnu11;
				GCC_DYNAMIC_NO_PIC = NO;
				GCC_NO_COMMON_BLOCKS = YES;
				GCC_OPTIMIZATION_LEVEL = 0;
				GCC_PREPROCESSOR_DEFINITIONS = (
					"DEBUG=1",
					"$(inherited)",
				);
				GCC_WARN_64_TO_32_BIT_CONVERSION = YES;
				GCC_WARN_ABOUT_RETURN_TYPE = YES_ERROR;
				GCC_WARN_UNDECLARED_SELECTOR = YES;
				GCC_WARN_UNINITIALIZED_AUTOS = YES_AGGRESSIVE;
				GCC_WARN_UNUSED_FUNCTION = YES;
				GCC_WARN_UNUSED_VARIABLE = YES;
				IPHONEOS_DEPLOYMENT_TARGET = 10.0;
				MTL_ENABLE_DEBUG_INFO = YES;
				ONLY_ACTIVE_ARCH = YES;
				SDKROOT = iphoneos;
				SWIFT_ACTIVE_COMPILATION_CONDITIONS = DEBUG;
				SWIFT_OPTIMIZATION_LEVEL = "-Onone";
			};
			name = Debug;
		};
		270F157A20C855B000B1F231 /* Release */ = {
			isa = XCBuildConfiguration;
			buildSettings = {
				ALWAYS_SEARCH_USER_PATHS = NO;
				CLANG_ANALYZER_NONNULL = YES;
				CLANG_ANALYZER_NUMBER_OBJECT_CONVERSION = YES_AGGRESSIVE;
				CLANG_CXX_LANGUAGE_STANDARD = "gnu++14";
				CLANG_CXX_LIBRARY = "libc++";
				CLANG_ENABLE_MODULES = YES;
				CLANG_ENABLE_OBJC_ARC = YES;
				CLANG_ENABLE_OBJC_WEAK = YES;
				CLANG_WARN_BLOCK_CAPTURE_AUTORELEASING = YES;
				CLANG_WARN_BOOL_CONVERSION = YES;
				CLANG_WARN_COMMA = YES;
				CLANG_WARN_CONSTANT_CONVERSION = YES;
				CLANG_WARN_DEPRECATED_OBJC_IMPLEMENTATIONS = YES;
				CLANG_WARN_DIRECT_OBJC_ISA_USAGE = YES_ERROR;
				CLANG_WARN_DOCUMENTATION_COMMENTS = YES;
				CLANG_WARN_EMPTY_BODY = YES;
				CLANG_WARN_ENUM_CONVERSION = YES;
				CLANG_WARN_INFINITE_RECURSION = YES;
				CLANG_WARN_INT_CONVERSION = YES;
				CLANG_WARN_NON_LITERAL_NULL_CONVERSION = YES;
				CLANG_WARN_OBJC_IMPLICIT_RETAIN_SELF = YES;
				CLANG_WARN_OBJC_LITERAL_CONVERSION = YES;
				CLANG_WARN_OBJC_ROOT_CLASS = YES_ERROR;
				CLANG_WARN_RANGE_LOOP_ANALYSIS = YES;
				CLANG_WARN_STRICT_PROTOTYPES = YES;
				CLANG_WARN_SUSPICIOUS_MOVE = YES;
				CLANG_WARN_UNGUARDED_AVAILABILITY = YES_AGGRESSIVE;
				CLANG_WARN_UNREACHABLE_CODE = YES;
				CLANG_WARN__DUPLICATE_METHOD_MATCH = YES;
				CODE_SIGN_IDENTITY = "iPhone Developer";
				COPY_PHASE_STRIP = NO;
				DEBUG_INFORMATION_FORMAT = "dwarf-with-dsym";
				ENABLE_NS_ASSERTIONS = NO;
				ENABLE_STRICT_OBJC_MSGSEND = YES;
				GCC_C_LANGUAGE_STANDARD = gnu11;
				GCC_NO_COMMON_BLOCKS = YES;
				GCC_WARN_64_TO_32_BIT_CONVERSION = YES;
				GCC_WARN_ABOUT_RETURN_TYPE = YES_ERROR;
				GCC_WARN_UNDECLARED_SELECTOR = YES;
				GCC_WARN_UNINITIALIZED_AUTOS = YES_AGGRESSIVE;
				GCC_WARN_UNUSED_FUNCTION = YES;
				GCC_WARN_UNUSED_VARIABLE = YES;
				IPHONEOS_DEPLOYMENT_TARGET = 10.0;
				MTL_ENABLE_DEBUG_INFO = NO;
				SDKROOT = iphoneos;
				SWIFT_COMPILATION_MODE = wholemodule;
				SWIFT_OPTIMIZATION_LEVEL = "-O";
				VALIDATE_PRODUCT = YES;
			};
			name = Release;
		};
		270F157C20C855B000B1F231 /* Debug */ = {
			isa = XCBuildConfiguration;
			baseConfigurationReference = E0D2C52DAC8B84F3F83E7242 /* Pods-Dice.debug.xcconfig */;
			buildSettings = {
				ASSETCATALOG_COMPILER_APPICON_NAME = AppIcon;
				CODE_SIGN_STYLE = Automatic;
				DEVELOPMENT_TEAM = 8739VU9P7E;
				FRAMEWORK_SEARCH_PATHS = "$(inherited)";
				INFOPLIST_FILE = Dice/Info.plist;
				LD_RUNPATH_SEARCH_PATHS = (
					"$(inherited)",
					"@executable_path/Frameworks",
				);
				PRODUCT_BUNDLE_IDENTIFIER = at.frhlch.ios.test.dice.Dice;
				PRODUCT_NAME = "$(TARGET_NAME)";
				SWIFT_VERSION = 4.0;
				TARGETED_DEVICE_FAMILY = "1,2";
			};
			name = Debug;
		};
		270F157D20C855B000B1F231 /* Release */ = {
			isa = XCBuildConfiguration;
			baseConfigurationReference = 0832F2243093726B2B9B37F0 /* Pods-Dice.release.xcconfig */;
			buildSettings = {
				ASSETCATALOG_COMPILER_APPICON_NAME = AppIcon;
				CODE_SIGN_STYLE = Automatic;
				DEVELOPMENT_TEAM = 8739VU9P7E;
				FRAMEWORK_SEARCH_PATHS = "$(inherited)";
				INFOPLIST_FILE = Dice/Info.plist;
				LD_RUNPATH_SEARCH_PATHS = (
					"$(inherited)",
					"@executable_path/Frameworks",
				);
				PRODUCT_BUNDLE_IDENTIFIER = at.frhlch.ios.test.dice.Dice;
				PRODUCT_NAME = "$(TARGET_NAME)";
				SWIFT_VERSION = 4.0;
				TARGETED_DEVICE_FAMILY = "1,2";
			};
			name = Release;
		};
		270F157F20C855B000B1F231 /* Debug */ = {
			isa = XCBuildConfiguration;
			baseConfigurationReference = EAC4BDF6DDF88B5690195EBB /* Pods-DiceTests.debug.xcconfig */;
			buildSettings = {
				ALWAYS_EMBED_SWIFT_STANDARD_LIBRARIES = YES;
				BUNDLE_LOADER = "$(TEST_HOST)";
				CODE_SIGN_STYLE = Automatic;
				DEVELOPMENT_TEAM = 8739VU9P7E;
				INFOPLIST_FILE = DiceTests/Info.plist;
				LD_RUNPATH_SEARCH_PATHS = (
					"$(inherited)",
					"@executable_path/Frameworks",
					"@loader_path/Frameworks",
				);
				PRODUCT_BUNDLE_IDENTIFIER = at.frhlch.ios.dice.DiceTests;
				PRODUCT_NAME = "$(TARGET_NAME)";
				SWIFT_VERSION = 4.0;
				TARGETED_DEVICE_FAMILY = "1,2";
				TEST_HOST = "$(BUILT_PRODUCTS_DIR)/Dice.app/Dice";
			};
			name = Debug;
		};
		270F158020C855B000B1F231 /* Release */ = {
			isa = XCBuildConfiguration;
			baseConfigurationReference = 7290D2C9DF947B67A95F39D7 /* Pods-DiceTests.release.xcconfig */;
			buildSettings = {
				ALWAYS_EMBED_SWIFT_STANDARD_LIBRARIES = YES;
				BUNDLE_LOADER = "$(TEST_HOST)";
				CODE_SIGN_STYLE = Automatic;
				DEVELOPMENT_TEAM = 8739VU9P7E;
				INFOPLIST_FILE = DiceTests/Info.plist;
				LD_RUNPATH_SEARCH_PATHS = (
					"$(inherited)",
					"@executable_path/Frameworks",
					"@loader_path/Frameworks",
				);
				PRODUCT_BUNDLE_IDENTIFIER = at.frhlch.ios.dice.DiceTests;
				PRODUCT_NAME = "$(TARGET_NAME)";
				SWIFT_VERSION = 4.0;
				TARGETED_DEVICE_FAMILY = "1,2";
				TEST_HOST = "$(BUILT_PRODUCTS_DIR)/Dice.app/Dice";
			};
			name = Release;
		};
/* End XCBuildConfiguration section */

/* Begin XCConfigurationList section */
		270F155920C855AE00B1F231 /* Build configuration list for PBXProject "Dice" */ = {
			isa = XCConfigurationList;
			buildConfigurations = (
				270F157920C855B000B1F231 /* Debug */,
				270F157A20C855B000B1F231 /* Release */,
			);
			defaultConfigurationIsVisible = 0;
			defaultConfigurationName = Release;
		};
		270F157B20C855B000B1F231 /* Build configuration list for PBXNativeTarget "Dice" */ = {
			isa = XCConfigurationList;
			buildConfigurations = (
				270F157C20C855B000B1F231 /* Debug */,
				270F157D20C855B000B1F231 /* Release */,
			);
			defaultConfigurationIsVisible = 0;
			defaultConfigurationName = Release;
		};
		270F157E20C855B000B1F231 /* Build configuration list for PBXNativeTarget "DiceTests" */ = {
			isa = XCConfigurationList;
			buildConfigurations = (
				270F157F20C855B000B1F231 /* Debug */,
				270F158020C855B000B1F231 /* Release */,
			);
			defaultConfigurationIsVisible = 0;
			defaultConfigurationName = Release;
		};
/* End XCConfigurationList section */
	};
	rootObject = 270F155620C855AE00B1F231 /* Project object */;
}
